
Microsoft Visual Studio Solution File, Format Version 12.00
# Visual Studio Version 17
VisualStudioVersion = 17.14.37012.4
MinimumVisualStudioVersion = 10.0.40219.1
Project("{FAE04EC0-301F-11D3-BF4B-00C04F79EFBC}") = "Warehouse.Core", "Warehouse.Core\Warehouse.Core.csproj", "{93E8459F-2E59-4332-8904-CE597C0DB791}"
EndProject
Project("{FAE04EC0-301F-11D3-BF4B-00C04F79EFBC}") = "Warehouse.Data", "Warehouse.Data\Warehouse.Data.csproj", "{8C0094B9-A074-40A5-BFD4-BB0A2F50EB16}"
EndProject
Project("{FAE04EC0-301F-11D3-BF4B-00C04F79EFBC}") = "Warehouse.Desktop", "Warehouse.Desktop\Warehouse.Desktop.csproj", "{8B63B202-5379-464A-8D90-2BDA69F3F755}"
EndProject
Project("{FAE04EC0-301F-11D3-BF4B-00C04F79EFBC}") = "Warehouse.Web", "Warehouse.Web\Warehouse.Web.csproj", "{7FEB9550-16F8-4AD0-AA8B-C93860B39FF9}"
EndProject
Global
	GlobalSection(SolutionConfigurationPlatforms) = preSolution
		Debug|Any CPU = Debug|Any CPU
		Release|Any CPU = Release|Any CPU
	EndGlobalSection
	GlobalSection(ProjectConfigurationPlatforms) = postSolution
		{93E8459F-2E59-4332-8904-CE597C0DB791}.Debug|Any CPU.ActiveCfg = Debug|Any CPU
		{93E8459F-2E59-4332-8904-CE597C0DB791}.Debug|Any CPU.Build.0 = Debug|Any CPU
		{93E8459F-2E59-4332-8904-CE597C0DB791}.Release|Any CPU.ActiveCfg = Release|Any CPU
		{93E8459F-2E59-4332-8904-CE597C0DB791}.Release|Any CPU.Build.0 = Release|Any CPU
		{8C0094B9-A074-40A5-BFD4-BB0A2F50EB16}.Debug|Any CPU.ActiveCfg = Debug|Any CPU
		{8C0094B9-A074-40A5-BFD4-BB0A2F50EB16}.Debug|Any CPU.Build.0 = Debug|Any CPU
		{8C0094B9-A074-40A5-BFD4-BB0A2F50EB16}.Release|Any CPU.ActiveCfg = Release|Any CPU
		{8C0094B9-A074-40A5-BFD4-BB0A2F50EB16}.Release|Any CPU.Build.0 = Release|Any CPU
		{8B63B202-5379-464A-8D90-2BDA69F3F755}.Debug|Any CPU.ActiveCfg = Debug|Any CPU
		{8B63B202-5379-464A-8D90-2BDA69F3F755}.Debug|Any CPU.Build.0 = Debug|Any CPU
		{8B63B202-5379-464A-8D90-2BDA69F3F755}.Release|Any CPU.ActiveCfg = Release|Any CPU
		{8B63B202-5379-464A-8D90-2BDA69F3F755}.Release|Any CPU.Build.0 = Release|Any CPU
		{7FEB9550-16F8-4AD0-AA8B-C93860B39FF9}.Debug|Any CPU.ActiveCfg = Debug|Any CPU
		{7FEB9550-16F8-4AD0-AA8B-C93860B39FF9}.Debug|Any CPU.Build.0 = Debug|Any CPU
		{7FEB9550-16F8-4AD0-AA8B-C93860B39FF9}.Release|Any CPU.ActiveCfg = Release|Any CPU
		{7FEB9550-16F8-4AD0-AA8B-C93860B39FF9}.Release|Any CPU.Build.0 = Release|Any CPU
	EndGlobalSection
	GlobalSection(SolutionProperties) = preSolution
		HideSolutionNode = FALSE
	EndGlobalSection
	GlobalSection(ExtensibilityGlobals) = postSolution
		SolutionGuid = {6AB5FEED-A8CF-4AE2-A554-E36FB5F15DCE}
	EndGlobalSection
EndGlobal
